
Microsoft Visual Studio Solution File, Format Version 12.00
# Visual Studio 15
Project("{FAE04EC0-301F-11D3-BF4B-00C04F79EFBC}") = "Assembly-CSharp", "Assembly-CSharp.csproj", "{97B22310-F821-8678-AFCE-3FB7C6E25F84}"
EndProject
Project("{FAE04EC0-301F-11D3-BF4B-00C04F79EFBC}") = "Assembly-CSharp-Editor", "Assembly-CSharp-Editor.csproj", "{9994B7F1-CD58-12AC-7724-74A1B4B2E13E}"
EndProject
Global
	GlobalSection(SolutionConfigurationPlatforms) = preSolution
		Debug|Any CPU = Debug|Any CPU
		Release|Any CPU = Release|Any CPU
	EndGlobalSection
	GlobalSection(ProjectConfigurationPlatforms) = postSolution
		{97B22310-F821-8678-AFCE-3FB7C6E25F84}.Debug|Any CPU.ActiveCfg = Debug|Any CPU
		{97B22310-F821-8678-AFCE-3FB7C6E25F84}.Debug|Any CPU.Build.0 = Debug|Any CPU
		{97B22310-F821-8678-AFCE-3FB7C6E25F84}.Release|Any CPU.ActiveCfg = Release|Any CPU
		{97B22310-F821-8678-AFCE-3FB7C6E25F84}.Release|Any CPU.Build.0 = Release|Any CPU
		{9994B7F1-CD58-12AC-7724-74A1B4B2E13E}.Debug|Any CPU.ActiveCfg = Debug|Any CPU
		{9994B7F1-CD58-12AC-7724-74A1B4B2E13E}.Debug|Any CPU.Build.0 = Debug|Any CPU
		{9994B7F1-CD58-12AC-7724-74A1B4B2E13E}.Release|Any CPU.ActiveCfg = Release|Any CPU
		{9994B7F1-CD58-12AC-7724-74A1B4B2E13E}.Release|Any CPU.Build.0 = Release|Any CPU
	EndGlobalSection
	GlobalSection(SolutionProperties) = preSolution
		HideSolutionNode = FALSE
	EndGlobalSection
EndGlobal
